
Microsoft Visual Studio Solution File, Format Version 12.00
# Visual Studio Version 16
VisualStudioVersion = 16.0.31515.178
MinimumVisualStudioVersion = 10.0.40219.1
Project("{FAE04EC0-301F-11D3-BF4B-00C04F79EFBC}") = "SimpleEmailApp", "SimpleEmailApp\SimpleEmailApp.csproj", "{08934784-9FD1-4C8C-817D-E296EEFFF74B}"
EndProject
Global
	GlobalSection(SolutionConfigurationPlatforms) = preSolution
		Debug|Any CPU = Debug|Any CPU
		Release|Any CPU = Release|Any CPU
	EndGlobalSection
	GlobalSection(ProjectConfigurationPlatforms) = postSolution
		{08934784-9FD1-4C8C-817D-E296EEFFF74B}.Debug|Any CPU.ActiveCfg = Debug|Any CPU
		{08934784-9FD1-4C8C-817D-E296EEFFF74B}.Debug|Any CPU.Build.0 = Debug|Any CPU
		{08934784-9FD1-4C8C-817D-E296EEFFF74B}.Release|Any CPU.ActiveCfg = Release|Any CPU
		{08934784-9FD1-4C8C-817D-E296EEFFF74B}.Release|Any CPU.Build.0 = Release|Any CPU
	EndGlobalSection
	GlobalSection(SolutionProperties) = preSolution
		HideSolutionNode = FALSE
	EndGlobalSection
	GlobalSection(ExtensibilityGlobals) = postSolution
		SolutionGuid = {DE8D82B0-47C6-4A0D-B70D-A672BFB83C96}
	EndGlobalSection
EndGlobal
